{
  "nodes": {
    "devenv": {
      "locked": {
        "dir": "src/modules",
        "lastModified": 1790121233,
        "narHash": "sha256-VujZkKX8bfdMSHB3OE2oLtKlVCJ28aKFhhxVIgOM4/0=",
        "owner": "cachix",
        "repo": "devenv",
        "rev": "74075803bf275361b5e3c40f33797a9f308cb54b",
        "type": "github"
      },
      "original": {
        "dir": "src/modules",
        "owner": "cachix",
        "repo": "devenv",
        "type": "github"
      }
    },
    "nixpkgs": {
      "locked": {
        "lastModified": 1789960332,
        "narHash": "sha256-MQ5my6vvo0z2iVQcKqrysutFWvsNw3/ynNxzjJon4yc=",
        "owner": "NixOS",
        "repo": "nixpkgs",
        "rev": "35e212742ceab4ae1dcfbfd9039a39215c816e8e",
        "type": "github"
      },
      "original": {
        "owner": "NixOS",
        "repo": "nixpkgs",
        "rev": "35e212742ceab4ae1dcfbfd9039a39215c816e8e",
        "type": "github"
      }
    },
    "root": {
      "inputs": {
        "devenv": "devenv",
        "nixpkgs": "nixpkgs",
        "treefmt-nix": "treefmt-nix"
      }
    },
    "treefmt-nix": {
      "inputs": {
        "nixpkgs": [
          "nixpkgs"
        ]
      },
      "locked": {
        "lastModified": 1786901030,
        "narHash": "sha256-WSFCsDSE5ffgD2MqzkM2CYjeFiKhRF/dJUN8uedb6YE=",
        "owner": "numtide",
        "repo": "treefmt-nix",
        "rev": "27b3b12a8e6375f28ebe122f07d230ca5459bbfa",
        "type": "github"
      },
      "original": {
        "owner": "numtide",
        "repo": "treefmt-nix",
        "rev": "27b3b12a8e6375f28ebe122f07d230ca5459bbfa",
        "type": "github"
      }
    }
  },
  "root": "root",
  "version": 7
}