{
  "nodes": {
    "devenv": {
      "locked": {
        "dir": "src/modules",
        "lastModified": 1783375665,
        "narHash": "sha256-FDoXIG06pIeyUzMc35I+rTIJX4ssqVitL89xFiwPGxA=",
        "owner": "cachix",
        "repo": "devenv",
        "rev": "e3b0980f782d0cbb9793a6ac8f50f748e47891c5",
        "type": "github"
      },
      "original": {
        "dir": "src/modules",
        "owner": "cachix",
        "repo": "devenv",
        "type": "github"
      }
    },
    "nixpkgs": {
      "locked": {
        "lastModified": 1783187857,
        "narHash": "sha256-CoKGv2FwkvFwzsVLB/N89eFjr40puk/p51IMvIp+ddo=",
        "owner": "NixOS",
        "repo": "nixpkgs",
        "rev": "19a8a1e6d8b7315b6fd84e5a51977ce6f69d5a5b",
        "type": "github"
      },
      "original": {
        "owner": "NixOS",
        "repo": "nixpkgs",
        "rev": "19a8a1e6d8b7315b6fd84e5a51977ce6f69d5a5b",
        "type": "github"
      }
    },
    "root": {
      "inputs": {
        "devenv": "devenv",
        "nixpkgs": "nixpkgs",
        "treefmt-nix": "treefmt-nix"
      }
    },
    "treefmt-nix": {
      "inputs": {
        "nixpkgs": [
          "nixpkgs"
        ]
      },
      "locked": {
        "lastModified": 1780220602,
        "narHash": "sha256-eynAfOmbmxJnkp7YewvCEbShNnnYJ9gLLqkzsYtBPeM=",
        "owner": "numtide",
        "repo": "treefmt-nix",
        "rev": "db947814a175b7ca6ded66e21383d938df01c227",
        "type": "github"
      },
      "original": {
        "owner": "numtide",
        "repo": "treefmt-nix",
        "rev": "db947814a175b7ca6ded66e21383d938df01c227",
        "type": "github"
      }
    }
  },
  "root": "root",
  "version": 7
}